
Microsoft Visual Studio Solution File, Format Version 12.00
# Visual Studio 15
VisualStudioVersion = 15.0.26730.12
MinimumVisualStudioVersion = 10.0.40219.1
Project("{FAE04EC0-301F-11D3-BF4B-00C04F79EFBC}") = "QiMata.DistanceSensor", "QiMata.DistanceSensor\QiMata.DistanceSensor.csproj", "{9D819CFA-AECA-407C-9C2E-BA583063F934}"
EndProject
Project("{2150E333-8FDC-42A3-9474-1A3956D46DE8}") = "WinIoT", "WinIoT", "{597184EB-869E-488A-8764-73852EC3CEBC}"
EndProject
Project("{2150E333-8FDC-42A3-9474-1A3956D46DE8}") = "ASPNET", "ASPNET", "{945087C1-922F-40BB-A5F6-56056CBC28A0}"
EndProject
Project("{FAE04EC0-301F-11D3-BF4B-00C04F79EFBC}") = "QiMata.CloudGateway", "QiMata.CloudGateway\QiMata.CloudGateway.csproj", "{7808C952-9EA1-4052-BF8B-177F7F370C91}"
EndProject
Project("{FAE04EC0-301F-11D3-BF4B-00C04F79EFBC}") = "QiMata.PidSensor", "QiMata.PidSensor\QiMata.PidSensor.csproj", "{2C489491-D336-47C8-8D27-F5C5C16C3C0F}"
EndProject
Project("{FAE04EC0-301F-11D3-BF4B-00C04F79EFBC}") = "QiMata.HubSite", "QiMata.HubSite\QiMata.HubSite.csproj", "{BDA31145-1B01-49B7-BD1F-70A552714B7D}"
EndProject
Global
	GlobalSection(SolutionConfigurationPlatforms) = preSolution
		Debug|Any CPU = Debug|Any CPU
		Debug|ARM = Debug|ARM
		Debug|x64 = Debug|x64
		Debug|x86 = Debug|x86
		Release|Any CPU = Release|Any CPU
		Release|ARM = Release|ARM
		Release|x64 = Release|x64
		Release|x86 = Release|x86
	EndGlobalSection
	GlobalSection(ProjectConfigurationPlatforms) = postSolution
		{9D819CFA-AECA-407C-9C2E-BA583063F934}.Debug|Any CPU.ActiveCfg = Debug|x86
		{9D819CFA-AECA-407C-9C2E-BA583063F934}.Debug|ARM.ActiveCfg = Debug|ARM
		{9D819CFA-AECA-407C-9C2E-BA583063F934}.Debug|ARM.Build.0 = Debug|ARM
		{9D819CFA-AECA-407C-9C2E-BA583063F934}.Debug|ARM.Deploy.0 = Debug|ARM
		{9D819CFA-AECA-407C-9C2E-BA583063F934}.Debug|x64.ActiveCfg = Debug|x64
		{9D819CFA-AECA-407C-9C2E-BA583063F934}.Debug|x64.Build.0 = Debug|x64
		{9D819CFA-AECA-407C-9C2E-BA583063F934}.Debug|x64.Deploy.0 = Debug|x64
		{9D819CFA-AECA-407C-9C2E-BA583063F934}.Debug|x86.ActiveCfg = Debug|x86
		{9D819CFA-AECA-407C-9C2E-BA583063F934}.Debug|x86.Build.0 = Debug|x86
		{9D819CFA-AECA-407C-9C2E-BA583063F934}.Debug|x86.Deploy.0 = Debug|x86
		{9D819CFA-AECA-407C-9C2E-BA583063F934}.Release|Any CPU.ActiveCfg = Release|x86
		{9D819CFA-AECA-407C-9C2E-BA583063F934}.Release|ARM.ActiveCfg = Release|ARM
		{9D819CFA-AECA-407C-9C2E-BA583063F934}.Release|ARM.Build.0 = Release|ARM
		{9D819CFA-AECA-407C-9C2E-BA583063F934}.Release|ARM.Deploy.0 = Release|ARM
		{9D819CFA-AECA-407C-9C2E-BA583063F934}.Release|x64.ActiveCfg = Release|x64
		{9D819CFA-AECA-407C-9C2E-BA583063F934}.Release|x64.Build.0 = Release|x64
		{9D819CFA-AECA-407C-9C2E-BA583063F934}.Release|x64.Deploy.0 = Release|x64
		{9D819CFA-AECA-407C-9C2E-BA583063F934}.Release|x86.ActiveCfg = Release|x86
		{9D819CFA-AECA-407C-9C2E-BA583063F934}.Release|x86.Build.0 = Release|x86
		{9D819CFA-AECA-407C-9C2E-BA583063F934}.Release|x86.Deploy.0 = Release|x86
		{7808C952-9EA1-4052-BF8B-177F7F370C91}.Debug|Any CPU.ActiveCfg = Debug|Any CPU
		{7808C952-9EA1-4052-BF8B-177F7F370C91}.Debug|Any CPU.Build.0 = Debug|Any CPU
		{7808C952-9EA1-4052-BF8B-177F7F370C91}.Debug|ARM.ActiveCfg = Debug|ARM
		{7808C952-9EA1-4052-BF8B-177F7F370C91}.Debug|ARM.Build.0 = Debug|ARM
		{7808C952-9EA1-4052-BF8B-177F7F370C91}.Debug|x64.ActiveCfg = Debug|x64
		{7808C952-9EA1-4052-BF8B-177F7F370C91}.Debug|x64.Build.0 = Debug|x64
		{7808C952-9EA1-4052-BF8B-177F7F370C91}.Debug|x86.ActiveCfg = Debug|x86
		{7808C952-9EA1-4052-BF8B-177F7F370C91}.Debug|x86.Build.0 = Debug|x86
		{7808C952-9EA1-4052-BF8B-177F7F370C91}.Release|Any CPU.ActiveCfg = Release|Any CPU
		{7808C952-9EA1-4052-BF8B-177F7F370C91}.Release|Any CPU.Build.0 = Release|Any CPU
		{7808C952-9EA1-4052-BF8B-177F7F370C91}.Release|ARM.ActiveCfg = Release|ARM
		{7808C952-9EA1-4052-BF8B-177F7F370C91}.Release|ARM.Build.0 = Release|ARM
		{7808C952-9EA1-4052-BF8B-177F7F370C91}.Release|x64.ActiveCfg = Release|x64
		{7808C952-9EA1-4052-BF8B-177F7F370C91}.Release|x64.Build.0 = Release|x64
		{7808C952-9EA1-4052-BF8B-177F7F370C91}.Release|x86.ActiveCfg = Release|x86
		{7808C952-9EA1-4052-BF8B-177F7F370C91}.Release|x86.Build.0 = Release|x86
		{2C489491-D336-47C8-8D27-F5C5C16C3C0F}.Debug|Any CPU.ActiveCfg = Debug|x86
		{2C489491-D336-47C8-8D27-F5C5C16C3C0F}.Debug|ARM.ActiveCfg = Debug|ARM
		{2C489491-D336-47C8-8D27-F5C5C16C3C0F}.Debug|ARM.Build.0 = Debug|ARM
		{2C489491-D336-47C8-8D27-F5C5C16C3C0F}.Debug|ARM.Deploy.0 = Debug|ARM
		{2C489491-D336-47C8-8D27-F5C5C16C3C0F}.Debug|x64.ActiveCfg = Debug|x64
		{2C489491-D336-47C8-8D27-F5C5C16C3C0F}.Debug|x64.Build.0 = Debug|x64
		{2C489491-D336-47C8-8D27-F5C5C16C3C0F}.Debug|x64.Deploy.0 = Debug|x64
		{2C489491-D336-47C8-8D27-F5C5C16C3C0F}.Debug|x86.ActiveCfg = Debug|x86
		{2C489491-D336-47C8-8D27-F5C5C16C3C0F}.Debug|x86.Build.0 = Debug|x86
		{2C489491-D336-47C8-8D27-F5C5C16C3C0F}.Debug|x86.Deploy.0 = Debug|x86
		{2C489491-D336-47C8-8D27-F5C5C16C3C0F}.Release|Any CPU.ActiveCfg = Release|x86
		{2C489491-D336-47C8-8D27-F5C5C16C3C0F}.Release|ARM.ActiveCfg = Release|ARM
		{2C489491-D336-47C8-8D27-F5C5C16C3C0F}.Release|ARM.Build.0 = Release|ARM
		{2C489491-D336-47C8-8D27-F5C5C16C3C0F}.Release|ARM.Deploy.0 = Release|ARM
		{2C489491-D336-47C8-8D27-F5C5C16C3C0F}.Release|x64.ActiveCfg = Release|x64
		{2C489491-D336-47C8-8D27-F5C5C16C3C0F}.Release|x64.Build.0 = Release|x64
		{2C489491-D336-47C8-8D27-F5C5C16C3C0F}.Release|x64.Deploy.0 = Release|x64
		{2C489491-D336-47C8-8D27-F5C5C16C3C0F}.Release|x86.ActiveCfg = Release|x86
		{2C489491-D336-47C8-8D27-F5C5C16C3C0F}.Release|x86.Build.0 = Release|x86
		{2C489491-D336-47C8-8D27-F5C5C16C3C0F}.Release|x86.Deploy.0 = Release|x86
		{BDA31145-1B01-49B7-BD1F-70A552714B7D}.Debug|Any CPU.ActiveCfg = Debug|Any CPU
		{BDA31145-1B01-49B7-BD1F-70A552714B7D}.Debug|Any CPU.Build.0 = Debug|Any CPU
		{BDA31145-1B01-49B7-BD1F-70A552714B7D}.Debug|ARM.ActiveCfg = Debug|Any CPU
		{BDA31145-1B01-49B7-BD1F-70A552714B7D}.Debug|ARM.Build.0 = Debug|Any CPU
		{BDA31145-1B01-49B7-BD1F-70A552714B7D}.Debug|x64.ActiveCfg = Debug|Any CPU
		{BDA31145-1B01-49B7-BD1F-70A552714B7D}.Debug|x64.Build.0 = Debug|Any CPU
		{BDA31145-1B01-49B7-BD1F-70A552714B7D}.Debug|x86.ActiveCfg = Debug|Any CPU
		{BDA31145-1B01-49B7-BD1F-70A552714B7D}.Debug|x86.Build.0 = Debug|Any CPU
		{BDA31145-1B01-49B7-BD1F-70A552714B7D}.Release|Any CPU.ActiveCfg = Release|Any CPU
		{BDA31145-1B01-49B7-BD1F-70A552714B7D}.Release|Any CPU.Build.0 = Release|Any CPU
		{BDA31145-1B01-49B7-BD1F-70A552714B7D}.Release|ARM.ActiveCfg = Release|Any CPU
		{BDA31145-1B01-49B7-BD1F-70A552714B7D}.Release|ARM.Build.0 = Release|Any CPU
		{BDA31145-1B01-49B7-BD1F-70A552714B7D}.Release|x64.ActiveCfg = Release|Any CPU
		{BDA31145-1B01-49B7-BD1F-70A552714B7D}.Release|x64.Build.0 = Release|Any CPU
		{BDA31145-1B01-49B7-BD1F-70A552714B7D}.Release|x86.ActiveCfg = Release|Any CPU
		{BDA31145-1B01-49B7-BD1F-70A552714B7D}.Release|x86.Build.0 = Release|Any CPU
	EndGlobalSection
	GlobalSection(SolutionProperties) = preSolution
		HideSolutionNode = FALSE
	EndGlobalSection
	GlobalSection(NestedProjects) = preSolution
		{9D819CFA-AECA-407C-9C2E-BA583063F934} = {597184EB-869E-488A-8764-73852EC3CEBC}
		{7808C952-9EA1-4052-BF8B-177F7F370C91} = {597184EB-869E-488A-8764-73852EC3CEBC}
		{2C489491-D336-47C8-8D27-F5C5C16C3C0F} = {597184EB-869E-488A-8764-73852EC3CEBC}
		{BDA31145-1B01-49B7-BD1F-70A552714B7D} = {945087C1-922F-40BB-A5F6-56056CBC28A0}
	EndGlobalSection
	GlobalSection(ExtensibilityGlobals) = postSolution
		SolutionGuid = {94D88D59-9BBC-4C87-807E-FFD9E8C7D297}
	EndGlobalSection
EndGlobal
