
Microsoft Visual Studio Solution File, Format Version 12.00
# Visual Studio 15
VisualStudioVersion = 15.0.26730.16
MinimumVisualStudioVersion = 10.0.40219.1
Project("{2150E333-8FDC-42A3-9474-1A3956D46DE8}") = "WinIoT", "WinIoT", "{597184EB-869E-488A-8764-73852EC3CEBC}"
EndProject
Project("{2150E333-8FDC-42A3-9474-1A3956D46DE8}") = "ASPNET", "ASPNET", "{945087C1-922F-40BB-A5F6-56056CBC28A0}"
EndProject
Project("{FAE04EC0-301F-11D3-BF4B-00C04F79EFBC}") = "QiMata.CloudGateway", "QiMata.CloudGateway\QiMata.CloudGateway.csproj", "{7808C952-9EA1-4052-BF8B-177F7F370C91}"
EndProject
Project("{FAE04EC0-301F-11D3-BF4B-00C04F79EFBC}") = "QiMata.HubSite", "QiMata.HubSite\QiMata.HubSite.csproj", "{BDA31145-1B01-49B7-BD1F-70A552714B7D}"
EndProject
Project("{FAE04EC0-301F-11D3-BF4B-00C04F79EFBC}") = "QiMata.DemoDevice", "QiMata.DemoDevice\QiMata.DemoDevice.csproj", "{D0E75CA9-6261-4F33-9C7F-3C41BC1E3AC9}"
EndProject
Project("{E53339B2-1760-4266-BCC7-CA923CBCF16C}") = "docker-compose", "docker-compose.dcproj", "{A67CF15A-7A41-4D0F-834C-5DCECBD22E79}"
EndProject
Project("{2150E333-8FDC-42A3-9474-1A3956D46DE8}") = "Drivers", "Drivers", "{AAA0A391-01F0-4644-BBD2-4CB01693EA19}"
EndProject
Project("{8BC9CEB8-8B4A-11D0-8D11-00A0C91BC942}") = "Sensors.Dht", "Sensors.Dht\Sensors.Dht.vcxproj", "{2CD70A4F-9EED-4CDA-9E07-1A2BD33B4976}"
EndProject
Global
	GlobalSection(SolutionConfigurationPlatforms) = preSolution
		Debug|Any CPU = Debug|Any CPU
		Debug|ARM = Debug|ARM
		Debug|x64 = Debug|x64
		Debug|x86 = Debug|x86
		Release|Any CPU = Release|Any CPU
		Release|ARM = Release|ARM
		Release|x64 = Release|x64
		Release|x86 = Release|x86
	EndGlobalSection
	GlobalSection(ProjectConfigurationPlatforms) = postSolution
		{7808C952-9EA1-4052-BF8B-177F7F370C91}.Debug|Any CPU.ActiveCfg = Debug|Any CPU
		{7808C952-9EA1-4052-BF8B-177F7F370C91}.Debug|Any CPU.Build.0 = Debug|Any CPU
		{7808C952-9EA1-4052-BF8B-177F7F370C91}.Debug|ARM.ActiveCfg = Debug|ARM
		{7808C952-9EA1-4052-BF8B-177F7F370C91}.Debug|ARM.Build.0 = Debug|ARM
		{7808C952-9EA1-4052-BF8B-177F7F370C91}.Debug|x64.ActiveCfg = Debug|x64
		{7808C952-9EA1-4052-BF8B-177F7F370C91}.Debug|x64.Build.0 = Debug|x64
		{7808C952-9EA1-4052-BF8B-177F7F370C91}.Debug|x86.ActiveCfg = Debug|x86
		{7808C952-9EA1-4052-BF8B-177F7F370C91}.Debug|x86.Build.0 = Debug|x86
		{7808C952-9EA1-4052-BF8B-177F7F370C91}.Release|Any CPU.ActiveCfg = Release|Any CPU
		{7808C952-9EA1-4052-BF8B-177F7F370C91}.Release|Any CPU.Build.0 = Release|Any CPU
		{7808C952-9EA1-4052-BF8B-177F7F370C91}.Release|ARM.ActiveCfg = Release|ARM
		{7808C952-9EA1-4052-BF8B-177F7F370C91}.Release|ARM.Build.0 = Release|ARM
		{7808C952-9EA1-4052-BF8B-177F7F370C91}.Release|x64.ActiveCfg = Release|x64
		{7808C952-9EA1-4052-BF8B-177F7F370C91}.Release|x64.Build.0 = Release|x64
		{7808C952-9EA1-4052-BF8B-177F7F370C91}.Release|x86.ActiveCfg = Release|x86
		{7808C952-9EA1-4052-BF8B-177F7F370C91}.Release|x86.Build.0 = Release|x86
		{BDA31145-1B01-49B7-BD1F-70A552714B7D}.Debug|Any CPU.ActiveCfg = Debug|Any CPU
		{BDA31145-1B01-49B7-BD1F-70A552714B7D}.Debug|Any CPU.Build.0 = Debug|Any CPU
		{BDA31145-1B01-49B7-BD1F-70A552714B7D}.Debug|ARM.ActiveCfg = Debug|Any CPU
		{BDA31145-1B01-49B7-BD1F-70A552714B7D}.Debug|ARM.Build.0 = Debug|Any CPU
		{BDA31145-1B01-49B7-BD1F-70A552714B7D}.Debug|x64.ActiveCfg = Debug|Any CPU
		{BDA31145-1B01-49B7-BD1F-70A552714B7D}.Debug|x64.Build.0 = Debug|Any CPU
		{BDA31145-1B01-49B7-BD1F-70A552714B7D}.Debug|x86.ActiveCfg = Debug|Any CPU
		{BDA31145-1B01-49B7-BD1F-70A552714B7D}.Debug|x86.Build.0 = Debug|Any CPU
		{BDA31145-1B01-49B7-BD1F-70A552714B7D}.Release|Any CPU.ActiveCfg = Release|Any CPU
		{BDA31145-1B01-49B7-BD1F-70A552714B7D}.Release|Any CPU.Build.0 = Release|Any CPU
		{BDA31145-1B01-49B7-BD1F-70A552714B7D}.Release|ARM.ActiveCfg = Release|Any CPU
		{BDA31145-1B01-49B7-BD1F-70A552714B7D}.Release|ARM.Build.0 = Release|Any CPU
		{BDA31145-1B01-49B7-BD1F-70A552714B7D}.Release|x64.ActiveCfg = Release|Any CPU
		{BDA31145-1B01-49B7-BD1F-70A552714B7D}.Release|x64.Build.0 = Release|Any CPU
		{BDA31145-1B01-49B7-BD1F-70A552714B7D}.Release|x86.ActiveCfg = Release|Any CPU
		{BDA31145-1B01-49B7-BD1F-70A552714B7D}.Release|x86.Build.0 = Release|Any CPU
		{D0E75CA9-6261-4F33-9C7F-3C41BC1E3AC9}.Debug|Any CPU.ActiveCfg = Debug|x86
		{D0E75CA9-6261-4F33-9C7F-3C41BC1E3AC9}.Debug|ARM.ActiveCfg = Debug|ARM
		{D0E75CA9-6261-4F33-9C7F-3C41BC1E3AC9}.Debug|ARM.Build.0 = Debug|ARM
		{D0E75CA9-6261-4F33-9C7F-3C41BC1E3AC9}.Debug|ARM.Deploy.0 = Debug|ARM
		{D0E75CA9-6261-4F33-9C7F-3C41BC1E3AC9}.Debug|x64.ActiveCfg = Debug|x64
		{D0E75CA9-6261-4F33-9C7F-3C41BC1E3AC9}.Debug|x64.Build.0 = Debug|x64
		{D0E75CA9-6261-4F33-9C7F-3C41BC1E3AC9}.Debug|x64.Deploy.0 = Debug|x64
		{D0E75CA9-6261-4F33-9C7F-3C41BC1E3AC9}.Debug|x86.ActiveCfg = Debug|x86
		{D0E75CA9-6261-4F33-9C7F-3C41BC1E3AC9}.Debug|x86.Build.0 = Debug|x86
		{D0E75CA9-6261-4F33-9C7F-3C41BC1E3AC9}.Debug|x86.Deploy.0 = Debug|x86
		{D0E75CA9-6261-4F33-9C7F-3C41BC1E3AC9}.Release|Any CPU.ActiveCfg = Release|x86
		{D0E75CA9-6261-4F33-9C7F-3C41BC1E3AC9}.Release|ARM.ActiveCfg = Release|ARM
		{D0E75CA9-6261-4F33-9C7F-3C41BC1E3AC9}.Release|ARM.Build.0 = Release|ARM
		{D0E75CA9-6261-4F33-9C7F-3C41BC1E3AC9}.Release|ARM.Deploy.0 = Release|ARM
		{D0E75CA9-6261-4F33-9C7F-3C41BC1E3AC9}.Release|x64.ActiveCfg = Release|x64
		{D0E75CA9-6261-4F33-9C7F-3C41BC1E3AC9}.Release|x64.Build.0 = Release|x64
		{D0E75CA9-6261-4F33-9C7F-3C41BC1E3AC9}.Release|x64.Deploy.0 = Release|x64
		{D0E75CA9-6261-4F33-9C7F-3C41BC1E3AC9}.Release|x86.ActiveCfg = Release|x86
		{D0E75CA9-6261-4F33-9C7F-3C41BC1E3AC9}.Release|x86.Build.0 = Release|x86
		{D0E75CA9-6261-4F33-9C7F-3C41BC1E3AC9}.Release|x86.Deploy.0 = Release|x86
		{A67CF15A-7A41-4D0F-834C-5DCECBD22E79}.Debug|Any CPU.ActiveCfg = Debug|Any CPU
		{A67CF15A-7A41-4D0F-834C-5DCECBD22E79}.Debug|Any CPU.Build.0 = Debug|Any CPU
		{A67CF15A-7A41-4D0F-834C-5DCECBD22E79}.Debug|ARM.ActiveCfg = Debug|Any CPU
		{A67CF15A-7A41-4D0F-834C-5DCECBD22E79}.Debug|ARM.Build.0 = Debug|Any CPU
		{A67CF15A-7A41-4D0F-834C-5DCECBD22E79}.Debug|x64.ActiveCfg = Debug|Any CPU
		{A67CF15A-7A41-4D0F-834C-5DCECBD22E79}.Debug|x64.Build.0 = Debug|Any CPU
		{A67CF15A-7A41-4D0F-834C-5DCECBD22E79}.Debug|x86.ActiveCfg = Debug|Any CPU
		{A67CF15A-7A41-4D0F-834C-5DCECBD22E79}.Debug|x86.Build.0 = Debug|Any CPU
		{A67CF15A-7A41-4D0F-834C-5DCECBD22E79}.Release|Any CPU.ActiveCfg = Release|Any CPU
		{A67CF15A-7A41-4D0F-834C-5DCECBD22E79}.Release|Any CPU.Build.0 = Release|Any CPU
		{A67CF15A-7A41-4D0F-834C-5DCECBD22E79}.Release|ARM.ActiveCfg = Release|Any CPU
		{A67CF15A-7A41-4D0F-834C-5DCECBD22E79}.Release|ARM.Build.0 = Release|Any CPU
		{A67CF15A-7A41-4D0F-834C-5DCECBD22E79}.Release|x64.ActiveCfg = Release|Any CPU
		{A67CF15A-7A41-4D0F-834C-5DCECBD22E79}.Release|x64.Build.0 = Release|Any CPU
		{A67CF15A-7A41-4D0F-834C-5DCECBD22E79}.Release|x86.ActiveCfg = Release|Any CPU
		{A67CF15A-7A41-4D0F-834C-5DCECBD22E79}.Release|x86.Build.0 = Release|Any CPU
		{2CD70A4F-9EED-4CDA-9E07-1A2BD33B4976}.Debug|Any CPU.ActiveCfg = Debug|Win32
		{2CD70A4F-9EED-4CDA-9E07-1A2BD33B4976}.Debug|ARM.ActiveCfg = Debug|ARM
		{2CD70A4F-9EED-4CDA-9E07-1A2BD33B4976}.Debug|ARM.Build.0 = Debug|ARM
		{2CD70A4F-9EED-4CDA-9E07-1A2BD33B4976}.Debug|x64.ActiveCfg = Debug|x64
		{2CD70A4F-9EED-4CDA-9E07-1A2BD33B4976}.Debug|x64.Build.0 = Debug|x64
		{2CD70A4F-9EED-4CDA-9E07-1A2BD33B4976}.Debug|x86.ActiveCfg = Debug|Win32
		{2CD70A4F-9EED-4CDA-9E07-1A2BD33B4976}.Debug|x86.Build.0 = Debug|Win32
		{2CD70A4F-9EED-4CDA-9E07-1A2BD33B4976}.Release|Any CPU.ActiveCfg = Release|Win32
		{2CD70A4F-9EED-4CDA-9E07-1A2BD33B4976}.Release|ARM.ActiveCfg = Release|ARM
		{2CD70A4F-9EED-4CDA-9E07-1A2BD33B4976}.Release|ARM.Build.0 = Release|ARM
		{2CD70A4F-9EED-4CDA-9E07-1A2BD33B4976}.Release|x64.ActiveCfg = Release|x64
		{2CD70A4F-9EED-4CDA-9E07-1A2BD33B4976}.Release|x64.Build.0 = Release|x64
		{2CD70A4F-9EED-4CDA-9E07-1A2BD33B4976}.Release|x86.ActiveCfg = Release|Win32
		{2CD70A4F-9EED-4CDA-9E07-1A2BD33B4976}.Release|x86.Build.0 = Release|Win32
	EndGlobalSection
	GlobalSection(SolutionProperties) = preSolution
		HideSolutionNode = FALSE
	EndGlobalSection
	GlobalSection(NestedProjects) = preSolution
		{7808C952-9EA1-4052-BF8B-177F7F370C91} = {597184EB-869E-488A-8764-73852EC3CEBC}
		{BDA31145-1B01-49B7-BD1F-70A552714B7D} = {945087C1-922F-40BB-A5F6-56056CBC28A0}
		{D0E75CA9-6261-4F33-9C7F-3C41BC1E3AC9} = {597184EB-869E-488A-8764-73852EC3CEBC}
		{AAA0A391-01F0-4644-BBD2-4CB01693EA19} = {597184EB-869E-488A-8764-73852EC3CEBC}
		{2CD70A4F-9EED-4CDA-9E07-1A2BD33B4976} = {AAA0A391-01F0-4644-BBD2-4CB01693EA19}
	EndGlobalSection
	GlobalSection(ExtensibilityGlobals) = postSolution
		SolutionGuid = {94D88D59-9BBC-4C87-807E-FFD9E8C7D297}
	EndGlobalSection
EndGlobal
